
Microsoft Visual Studio Solution File, Format Version 12.00
# Visual Studio Version 17
VisualStudioVersion = 17.4.33213.308
MinimumVisualStudioVersion = 10.0.40219.1
Project("{FAE04EC0-301F-11D3-BF4B-00C04F79EFBC}") = "PracticeProblemsonArray", "PracticeProblemsonArray\PracticeProblemsonArray.csproj", "{71C38584-0804-436A-9FAE-5F2F332E66A2}"
EndProject
Global
	GlobalSection(SolutionConfigurationPlatforms) = preSolution
		Debug|Any CPU = Debug|Any CPU
		Release|Any CPU = Release|Any CPU
	EndGlobalSection
	GlobalSection(ProjectConfigurationPlatforms) = postSolution
		{71C38584-0804-436A-9FAE-5F2F332E66A2}.Debug|Any CPU.ActiveCfg = Debug|Any CPU
		{71C38584-0804-436A-9FAE-5F2F332E66A2}.Debug|Any CPU.Build.0 = Debug|Any CPU
		{71C38584-0804-436A-9FAE-5F2F332E66A2}.Release|Any CPU.ActiveCfg = Release|Any CPU
		{71C38584-0804-436A-9FAE-5F2F332E66A2}.Release|Any CPU.Build.0 = Release|Any CPU
	EndGlobalSection
	GlobalSection(SolutionProperties) = preSolution
		HideSolutionNode = FALSE
	EndGlobalSection
	GlobalSection(ExtensibilityGlobals) = postSolution
		SolutionGuid = {E289A17B-7909-4221-933A-78ABD7D3EFAC}
	EndGlobalSection
EndGlobal
